// !$*UTF8*$!
{
	archiveVersion = 1;
	classes = {
	};
	objectVersion = 56;
	objects = {

/* Begin PBXBuildFile section */
		28C130A529FABC4500623B49 /* WebViewController.storyboard in Resources */ = {isa = PBXBuildFile; fileRef = 28C130A429FABC4500623B49 /* WebViewController.storyboard */; };
		28CA579729F94AB900A95CC4 /* AppDelegate.swift in Sources */ = {isa = PBXBuildFile; fileRef = 28CA579629F94AB900A95CC4 /* AppDelegate.swift */; };
		28CA579929F94AB900A95CC4 /* SceneDelegate.swift in Sources */ = {isa = PBXBuildFile; fileRef = 28CA579829F94AB900A95CC4 /* SceneDelegate.swift */; };
		28CA579B29F94AB900A95CC4 /* ViewController.swift in Sources */ = {isa = PBXBuildFile; fileRef = 28CA579A29F94AB900A95CC4 /* ViewController.swift */; };
		28CA579E29F94AB900A95CC4 /* Main.storyboard in Resources */ = {isa = PBXBuildFile; fileRef = 28CA579C29F94AB900A95CC4 /* Main.storyboard */; };
		28CA57A029F94ABA00A95CC4 /* Assets.xcassets in Resources */ = {isa = PBXBuildFile; fileRef = 28CA579F29F94ABA00A95CC4 /* Assets.xcassets */; };
		28CA57A329F94ABA00A95CC4 /* LaunchScreen.storyboard in Resources */ = {isa = PBXBuildFile; fileRef = 28CA57A129F94ABA00A95CC4 /* LaunchScreen.storyboard */; };
		28CA57AC29F94B5600A95CC4 /* CollectionTableViewCell.swift in Sources */ = {isa = PBXBuildFile; fileRef = 28CA57AA29F94B5600A95CC4 /* CollectionTableViewCell.swift */; };
		28CA57AD29F94B5600A95CC4 /* CollectionTableViewCell.xib in Resources */ = {isa = PBXBuildFile; fileRef = 28CA57AB29F94B5600A95CC4 /* CollectionTableViewCell.xib */; };
		28CA57AF29F94E2000A95CC4 /* APICaller.swift in Sources */ = {isa = PBXBuildFile; fileRef = 28CA57AE29F94E2000A95CC4 /* APICaller.swift */; };
		28CA57B129F9560100A95CC4 /* Item.swift in Sources */ = {isa = PBXBuildFile; fileRef = 28CA57B029F9560100A95CC4 /* Item.swift */; };
		28CA57B429F95AE200A95CC4 /* TitleCollectionViewCell.swift in Sources */ = {isa = PBXBuildFile; fileRef = 28CA57B229F95AE200A95CC4 /* TitleCollectionViewCell.swift */; };
		28CA57B529F95AE200A95CC4 /* TitleCollectionViewCell.xib in Resources */ = {isa = PBXBuildFile; fileRef = 28CA57B329F95AE200A95CC4 /* TitleCollectionViewCell.xib */; };
		28CA57B829F95CB200A95CC4 /* SDWebImage in Frameworks */ = {isa = PBXBuildFile; productRef = 28CA57B729F95CB200A95CC4 /* SDWebImage */; };
		28CA57BA29F95CB200A95CC4 /* SDWebImageMapKit in Frameworks */ = {isa = PBXBuildFile; productRef = 28CA57B929F95CB200A95CC4 /* SDWebImageMapKit */; };
		28EAC54629FAB11400517D3C /* WebViewController.swift in Sources */ = {isa = PBXBuildFile; fileRef = 28EAC54529FAB11400517D3C /* WebViewController.swift */; };
/* End PBXBuildFile section */

/* Begin PBXFileReference section */
		28C130A429FABC4500623B49 /* WebViewController.storyboard */ = {isa = PBXFileReference; lastKnownFileType = file.storyboard; path = WebViewController.storyboard; sourceTree = "<group>"; };
		28CA579329F94AB900A95CC4 /* testSnareHome.app */ = {isa = PBXFileReference; explicitFileType = wrapper.application; includeInIndex = 0; path = testSnareHome.app; sourceTree = BUILT_PRODUCTS_DIR; };
		28CA579629F94AB900A95CC4 /* AppDelegate.swift */ = {isa = PBXFileReference; lastKnownFileType = sourcecode.swift; path = AppDelegate.swift; sourceTree = "<group>"; };
		28CA579829F94AB900A95CC4 /* SceneDelegate.swift */ = {isa = PBXFileReference; lastKnownFileType = sourcecode.swift; path = SceneDelegate.swift; sourceTree = "<group>"; };
		28CA579A29F94AB900A95CC4 /* ViewController.swift */ = {isa = PBXFileReference; lastKnownFileType = sourcecode.swift; path = ViewController.swift; sourceTree = "<group>"; };
		28CA579D29F94AB900A95CC4 /* Base */ = {isa = PBXFileReference; lastKnownFileType = file.storyboard; name = Base; path = Base.lproj/Main.storyboard; sourceTree = "<group>"; };
		28CA579F29F94ABA00A95CC4 /* Assets.xcassets */ = {isa = PBXFileReference; lastKnownFileType = folder.assetcatalog; path = Assets.xcassets; sourceTree = "<group>"; };
		28CA57A229F94ABA00A95CC4 /* Base */ = {isa = PBXFileReference; lastKnownFileType = file.storyboard; name = Base; path = Base.lproj/LaunchScreen.storyboard; sourceTree = "<group>"; };
		28CA57A429F94ABA00A95CC4 /* Info.plist */ = {isa = PBXFileReference; lastKnownFileType = text.plist.xml; path = Info.plist; sourceTree = "<group>"; };
		28CA57AA29F94B5600A95CC4 /* CollectionTableViewCell.swift */ = {isa = PBXFileReference; lastKnownFileType = sourcecode.swift; path = CollectionTableViewCell.swift; sourceTree = "<group>"; };
		28CA57AB29F94B5600A95CC4 /* CollectionTableViewCell.xib */ = {isa = PBXFileReference; lastKnownFileType = file.xib; path = CollectionTableViewCell.xib; sourceTree = "<group>"; };
		28CA57AE29F94E2000A95CC4 /* APICaller.swift */ = {isa = PBXFileReference; lastKnownFileType = sourcecode.swift; path = APICaller.swift; sourceTree = "<group>"; };
		28CA57B029F9560100A95CC4 /* Item.swift */ = {isa = PBXFileReference; lastKnownFileType = sourcecode.swift; path = Item.swift; sourceTree = "<group>"; };
		28CA57B229F95AE200A95CC4 /* TitleCollectionViewCell.swift */ = {isa = PBXFileReference; lastKnownFileType = sourcecode.swift; path = TitleCollectionViewCell.swift; sourceTree = "<group>"; };
		28CA57B329F95AE200A95CC4 /* TitleCollectionViewCell.xib */ = {isa = PBXFileReference; lastKnownFileType = file.xib; path = TitleCollectionViewCell.xib; sourceTree = "<group>"; };
		28EAC54529FAB11400517D3C /* WebViewController.swift */ = {isa = PBXFileReference; lastKnownFileType = sourcecode.swift; path = WebViewController.swift; sourceTree = "<group>"; };
/* End PBXFileReference section */

/* Begin PBXFrameworksBuildPhase section */
		28CA579029F94AB900A95CC4 /* Frameworks */ = {
			isa = PBXFrameworksBuildPhase;
			buildActionMask = 2147483647;
			files = (
				28CA57BA29F95CB200A95CC4 /* SDWebImageMapKit in Frameworks */,
				28CA57B829F95CB200A95CC4 /* SDWebImage in Frameworks */,
			);
			runOnlyForDeploymentPostprocessing = 0;
		};
/* End PBXFrameworksBuildPhase section */

/* Begin PBXGroup section */
		28CA578A29F94AB900A95CC4 = {
			isa = PBXGroup;
			children = (
				28CA579529F94AB900A95CC4 /* testSnareHome */,
				28CA579429F94AB900A95CC4 /* Products */,
			);
			sourceTree = "<group>";
		};
		28CA579429F94AB900A95CC4 /* Products */ = {
			isa = PBXGroup;
			children = (
				28CA579329F94AB900A95CC4 /* testSnareHome.app */,
			);
			name = Products;
			sourceTree = "<group>";
		};
		28CA579529F94AB900A95CC4 /* testSnareHome */ = {
			isa = PBXGroup;
			children = (
				28EAC54B29FABB9E00517D3C /* Model */,
				28EAC54A29FABB8800517D3C /* Manager */,
				28EAC54929FABB6A00517D3C /* View */,
				28EAC54829FABB5C00517D3C /* Controller */,
				28EAC54729FABB5600517D3C /* Resource */,
				28CA579F29F94ABA00A95CC4 /* Assets.xcassets */,
				28CA57A129F94ABA00A95CC4 /* LaunchScreen.storyboard */,
				28CA57A429F94ABA00A95CC4 /* Info.plist */,
			);
			path = testSnareHome;
			sourceTree = "<group>";
		};
		28EAC54729FABB5600517D3C /* Resource */ = {
			isa = PBXGroup;
			children = (
				28CA579629F94AB900A95CC4 /* AppDelegate.swift */,
				28CA579829F94AB900A95CC4 /* SceneDelegate.swift */,
			);
			path = Resource;
			sourceTree = "<group>";
		};
		28EAC54829FABB5C00517D3C /* Controller */ = {
			isa = PBXGroup;
			children = (
				28EAC54529FAB11400517D3C /* WebViewController.swift */,
				28C130A429FABC4500623B49 /* WebViewController.storyboard */,
				28CA579A29F94AB900A95CC4 /* ViewController.swift */,
				28CA579C29F94AB900A95CC4 /* Main.storyboard */,
			);
			path = Controller;
			sourceTree = "<group>";
		};
		28EAC54929FABB6A00517D3C /* View */ = {
			isa = PBXGroup;
			children = (
				28CA57AA29F94B5600A95CC4 /* CollectionTableViewCell.swift */,
				28CA57AB29F94B5600A95CC4 /* CollectionTableViewCell.xib */,
				28CA57B229F95AE200A95CC4 /* TitleCollectionViewCell.swift */,
				28CA57B329F95AE200A95CC4 /* TitleCollectionViewCell.xib */,
			);
			path = View;
			sourceTree = "<group>";
		};
		28EAC54A29FABB8800517D3C /* Manager */ = {
			isa = PBXGroup;
			children = (
				28CA57AE29F94E2000A95CC4 /* APICaller.swift */,
			);
			path = Manager;
			sourceTree = "<group>";
		};
		28EAC54B29FABB9E00517D3C /* Model */ = {
			isa = PBXGroup;
			children = (
				28CA57B029F9560100A95CC4 /* Item.swift */,
			);
			path = Model;
			sourceTree = "<group>";
		};
/* End PBXGroup section */

/* Begin PBXNativeTarget section */
		28CA579229F94AB900A95CC4 /* testSnareHome */ = {
			isa = PBXNativeTarget;
			buildConfigurationList = 28CA57A729F94ABA00A95CC4 /* Build configuration list for PBXNativeTarget "testSnareHome" */;
			buildPhases = (
				28CA578F29F94AB900A95CC4 /* Sources */,
				28CA579029F94AB900A95CC4 /* Frameworks */,
				28CA579129F94AB900A95CC4 /* Resources */,
			);
			buildRules = (
			);
			dependencies = (
			);
			name = testSnareHome;
			packageProductDependencies = (
				28CA57B729F95CB200A95CC4 /* SDWebImage */,
				28CA57B929F95CB200A95CC4 /* SDWebImageMapKit */,
			);
			productName = testSnareHome;
			productReference = 28CA579329F94AB900A95CC4 /* testSnareHome.app */;
			productType = "com.apple.product-type.application";
		};
/* End PBXNativeTarget section */

/* Begin PBXProject section */
		28CA578B29F94AB900A95CC4 /* Project object */ = {
			isa = PBXProject;
			attributes = {
				BuildIndependentTargetsInParallel = 1;
				LastSwiftUpdateCheck = 1410;
				LastUpgradeCheck = 1410;
				TargetAttributes = {
					28CA579229F94AB900A95CC4 = {
						CreatedOnToolsVersion = 14.1;
					};
				};
			};
			buildConfigurationList = 28CA578E29F94AB900A95CC4 /* Build configuration list for PBXProject "testSnareHome" */;
			compatibilityVersion = "Xcode 14.0";
			developmentRegion = en;
			hasScannedForEncodings = 0;
			knownRegions = (
				en,
				Base,
			);
			mainGroup = 28CA578A29F94AB900A95CC4;
			packageReferences = (
				28CA57B629F95CB200A95CC4 /* XCRemoteSwiftPackageReference "SDWebImage" */,
			);
			productRefGroup = 28CA579429F94AB900A95CC4 /* Products */;
			projectDirPath = "";
			projectRoot = "";
			targets = (
				28CA579229F94AB900A95CC4 /* testSnareHome */,
			);
		};
/* End PBXProject section */

/* Begin PBXResourcesBuildPhase section */
		28CA579129F94AB900A95CC4 /* Resources */ = {
			isa = PBXResourcesBuildPhase;
			buildActionMask = 2147483647;
			files = (
				28C130A529FABC4500623B49 /* WebViewController.storyboard in Resources */,
				28CA57B529F95AE200A95CC4 /* TitleCollectionViewCell.xib in Resources */,
				28CA57A329F94ABA00A95CC4 /* LaunchScreen.storyboard in Resources */,
				28CA57A029F94ABA00A95CC4 /* Assets.xcassets in Resources */,
				28CA579E29F94AB900A95CC4 /* Main.storyboard in Resources */,
				28CA57AD29F94B5600A95CC4 /* CollectionTableViewCell.xib in Resources */,
			);
			runOnlyForDeploymentPostprocessing = 0;
		};
/* End PBXResourcesBuildPhase section */

/* Begin PBXSourcesBuildPhase section */
		28CA578F29F94AB900A95CC4 /* Sources */ = {
			isa = PBXSourcesBuildPhase;
			buildActionMask = 2147483647;
			files = (
				28CA57B429F95AE200A95CC4 /* TitleCollectionViewCell.swift in Sources */,
				28CA579B29F94AB900A95CC4 /* ViewController.swift in Sources */,
				28CA579729F94AB900A95CC4 /* AppDelegate.swift in Sources */,
				28CA579929F94AB900A95CC4 /* SceneDelegate.swift in Sources */,
				28CA57B129F9560100A95CC4 /* Item.swift in Sources */,
				28CA57AF29F94E2000A95CC4 /* APICaller.swift in Sources */,
				28CA57AC29F94B5600A95CC4 /* CollectionTableViewCell.swift in Sources */,
				28EAC54629FAB11400517D3C /* WebViewController.swift in Sources */,
			);
			runOnlyForDeploymentPostprocessing = 0;
		};
/* End PBXSourcesBuildPhase section */

/* Begin PBXVariantGroup section */
		28CA579C29F94AB900A95CC4 /* Main.storyboard */ = {
			isa = PBXVariantGroup;
			children = (
				28CA579D29F94AB900A95CC4 /* Base */,
			);
			name = Main.storyboard;
			sourceTree = "<group>";
		};
		28CA57A129F94ABA00A95CC4 /* LaunchScreen.storyboard */ = {
			isa = PBXVariantGroup;
			children = (
				28CA57A229F94ABA00A95CC4 /* Base */,
			);
			name = LaunchScreen.storyboard;
			sourceTree = "<group>";
		};
/* End PBXVariantGroup section */

/* Begin XCBuildConfiguration section */
		28CA57A529F94ABA00A95CC4 /* Debug */ = {
			isa = XCBuildConfiguration;
			buildSettings = {
				ALWAYS_SEARCH_USER_PATHS = NO;
				CLANG_ANALYZER_NONNULL = YES;
				CLANG_ANALYZER_NUMBER_OBJECT_CONVERSION = YES_AGGRESSIVE;
				CLANG_CXX_LANGUAGE_STANDARD = "gnu++20";
				CLANG_ENABLE_MODULES = YES;
				CLANG_ENABLE_OBJC_ARC = YES;
				CLANG_ENABLE_OBJC_WEAK = YES;
				CLANG_WARN_BLOCK_CAPTURE_AUTORELEASING = YES;
				CLANG_WARN_BOOL_CONVERSION = YES;
				CLANG_WARN_COMMA = YES;
				CLANG_WARN_CONSTANT_CONVERSION = YES;
				CLANG_WARN_DEPRECATED_OBJC_IMPLEMENTATIONS = YES;
				CLANG_WARN_DIRECT_OBJC_ISA_USAGE = YES_ERROR;
				CLANG_WARN_DOCUMENTATION_COMMENTS = YES;
				CLANG_WARN_EMPTY_BODY = YES;
				CLANG_WARN_ENUM_CONVERSION = YES;
				CLANG_WARN_INFINITE_RECURSION = YES;
				CLANG_WARN_INT_CONVERSION = YES;
				CLANG_WARN_NON_LITERAL_NULL_CONVERSION = YES;
				CLANG_WARN_OBJC_IMPLICIT_RETAIN_SELF = YES;
				CLANG_WARN_OBJC_LITERAL_CONVERSION = YES;
				CLANG_WARN_OBJC_ROOT_CLASS = YES_ERROR;
				CLANG_WARN_QUOTED_INCLUDE_IN_FRAMEWORK_HEADER = YES;
				CLANG_WARN_RANGE_LOOP_ANALYSIS = YES;
				CLANG_WARN_STRICT_PROTOTYPES = YES;
				CLANG_WARN_SUSPICIOUS_MOVE = YES;
				CLANG_WARN_UNGUARDED_AVAILABILITY = YES_AGGRESSIVE;
				CLANG_WARN_UNREACHABLE_CODE = YES;
				CLANG_WARN__DUPLICATE_METHOD_MATCH = YES;
				COPY_PHASE_STRIP = NO;
				DEBUG_INFORMATION_FORMAT = dwarf;
				ENABLE_STRICT_OBJC_MSGSEND = YES;
				ENABLE_TESTABILITY = YES;
				GCC_C_LANGUAGE_STANDARD = gnu11;
				GCC_DYNAMIC_NO_PIC = NO;
				GCC_NO_COMMON_BLOCKS = YES;
				GCC_OPTIMIZATION_LEVEL = 0;
				GCC_PREPROCESSOR_DEFINITIONS = (
					"DEBUG=1",
					"$(inherited)",
				);
				GCC_WARN_64_TO_32_BIT_CONVERSION = YES;
				GCC_WARN_ABOUT_RETURN_TYPE = YES_ERROR;
				GCC_WARN_UNDECLARED_SELECTOR = YES;
				GCC_WARN_UNINITIALIZED_AUTOS = YES_AGGRESSIVE;
				GCC_WARN_UNUSED_FUNCTION = YES;
				GCC_WARN_UNUSED_VARIABLE = YES;
				IPHONEOS_DEPLOYMENT_TARGET = 16.1;
				MTL_ENABLE_DEBUG_INFO = INCLUDE_SOURCE;
				MTL_FAST_MATH = YES;
				ONLY_ACTIVE_ARCH = YES;
				SDKROOT = iphoneos;
				SWIFT_ACTIVE_COMPILATION_CONDITIONS = DEBUG;
				SWIFT_OPTIMIZATION_LEVEL = "-Onone";
			};
			name = Debug;
		};
		28CA57A629F94ABA00A95CC4 /* Release */ = {
			isa = XCBuildConfiguration;
			buildSettings = {
				ALWAYS_SEARCH_USER_PATHS = NO;
				CLANG_ANALYZER_NONNULL = YES;
				CLANG_ANALYZER_NUMBER_OBJECT_CONVERSION = YES_AGGRESSIVE;
				CLANG_CXX_LANGUAGE_STANDARD = "gnu++20";
				CLANG_ENABLE_MODULES = YES;
				CLANG_ENABLE_OBJC_ARC = YES;
				CLANG_ENABLE_OBJC_WEAK = YES;
				CLANG_WARN_BLOCK_CAPTURE_AUTORELEASING = YES;
				CLANG_WARN_BOOL_CONVERSION = YES;
				CLANG_WARN_COMMA = YES;
				CLANG_WARN_CONSTANT_CONVERSION = YES;
				CLANG_WARN_DEPRECATED_OBJC_IMPLEMENTATIONS = YES;
				CLANG_WARN_DIRECT_OBJC_ISA_USAGE = YES_ERROR;
				CLANG_WARN_DOCUMENTATION_COMMENTS = YES;
				CLANG_WARN_EMPTY_BODY = YES;
				CLANG_WARN_ENUM_CONVERSION = YES;
				CLANG_WARN_INFINITE_RECURSION = YES;
				CLANG_WARN_INT_CONVERSION = YES;
				CLANG_WARN_NON_LITERAL_NULL_CONVERSION = YES;
				CLANG_WARN_OBJC_IMPLICIT_RETAIN_SELF = YES;
				CLANG_WARN_OBJC_LITERAL_CONVERSION = YES;
				CLANG_WARN_OBJC_ROOT_CLASS = YES_ERROR;
				CLANG_WARN_QUOTED_INCLUDE_IN_FRAMEWORK_HEADER = YES;
				CLANG_WARN_RANGE_LOOP_ANALYSIS = YES;
				CLANG_WARN_STRICT_PROTOTYPES = YES;
				CLANG_WARN_SUSPICIOUS_MOVE = YES;
				CLANG_WARN_UNGUARDED_AVAILABILITY = YES_AGGRESSIVE;
				CLANG_WARN_UNREACHABLE_CODE = YES;
				CLANG_WARN__DUPLICATE_METHOD_MATCH = YES;
				COPY_PHASE_STRIP = NO;
				DEBUG_INFORMATION_FORMAT = "dwarf-with-dsym";
				ENABLE_NS_ASSERTIONS = NO;
				ENABLE_STRICT_OBJC_MSGSEND = YES;
				GCC_C_LANGUAGE_STANDARD = gnu11;
				GCC_NO_COMMON_BLOCKS = YES;
				GCC_WARN_64_TO_32_BIT_CONVERSION = YES;
				GCC_WARN_ABOUT_RETURN_TYPE = YES_ERROR;
				GCC_WARN_UNDECLARED_SELECTOR = YES;
				GCC_WARN_UNINITIALIZED_AUTOS = YES_AGGRESSIVE;
				GCC_WARN_UNUSED_FUNCTION = YES;
				GCC_WARN_UNUSED_VARIABLE = YES;
				IPHONEOS_DEPLOYMENT_TARGET = 16.1;
				MTL_ENABLE_DEBUG_INFO = NO;
				MTL_FAST_MATH = YES;
				SDKROOT = iphoneos;
				SWIFT_COMPILATION_MODE = wholemodule;
				SWIFT_OPTIMIZATION_LEVEL = "-O";
				VALIDATE_PRODUCT = YES;
			};
			name = Release;
		};
		28CA57A829F94ABA00A95CC4 /* Debug */ = {
			isa = XCBuildConfiguration;
			buildSettings = {
				ASSETCATALOG_COMPILER_APPICON_NAME = AppIcon;
				ASSETCATALOG_COMPILER_GLOBAL_ACCENT_COLOR_NAME = AccentColor;
				CODE_SIGN_STYLE = Automatic;
				CURRENT_PROJECT_VERSION = 1;
				GENERATE_INFOPLIST_FILE = YES;
				INFOPLIST_FILE = testSnareHome/Info.plist;
				INFOPLIST_KEY_UIApplicationSupportsIndirectInputEvents = YES;
				INFOPLIST_KEY_UILaunchStoryboardName = LaunchScreen;
				INFOPLIST_KEY_UIMainStoryboardFile = Main;
				INFOPLIST_KEY_UISupportedInterfaceOrientations_iPad = "UIInterfaceOrientationPortrait UIInterfaceOrientationPortraitUpsideDown UIInterfaceOrientationLandscapeLeft UIInterfaceOrientationLandscapeRight";
				INFOPLIST_KEY_UISupportedInterfaceOrientations_iPhone = "UIInterfaceOrientationPortrait UIInterfaceOrientationLandscapeLeft UIInterfaceOrientationLandscapeRight";
				LD_RUNPATH_SEARCH_PATHS = (
					"$(inherited)",
					"@executable_path/Frameworks",
				);
				MARKETING_VERSION = 1.0;
				PRODUCT_BUNDLE_IDENTIFIER = test.testSnareHome;
				PRODUCT_NAME = "$(TARGET_NAME)";
				SWIFT_EMIT_LOC_STRINGS = YES;
				SWIFT_VERSION = 5.0;
				TARGETED_DEVICE_FAMILY = "1,2";
			};
			name = Debug;
		};
		28CA57A929F94ABA00A95CC4 /* Release */ = {
			isa = XCBuildConfiguration;
			buildSettings = {
				ASSETCATALOG_COMPILER_APPICON_NAME = AppIcon;
				ASSETCATALOG_COMPILER_GLOBAL_ACCENT_COLOR_NAME = AccentColor;
				CODE_SIGN_STYLE = Automatic;
				CURRENT_PROJECT_VERSION = 1;
				GENERATE_INFOPLIST_FILE = YES;
				INFOPLIST_FILE = testSnareHome/Info.plist;
				INFOPLIST_KEY_UIApplicationSupportsIndirectInputEvents = YES;
				INFOPLIST_KEY_UILaunchStoryboardName = LaunchScreen;
				INFOPLIST_KEY_UIMainStoryboardFile = Main;
				INFOPLIST_KEY_UISupportedInterfaceOrientations_iPad = "UIInterfaceOrientationPortrait UIInterfaceOrientationPortraitUpsideDown UIInterfaceOrientationLandscapeLeft UIInterfaceOrientationLandscapeRight";
				INFOPLIST_KEY_UISupportedInterfaceOrientations_iPhone = "UIInterfaceOrientationPortrait UIInterfaceOrientationLandscapeLeft UIInterfaceOrientationLandscapeRight";
				LD_RUNPATH_SEARCH_PATHS = (
					"$(inherited)",
					"@executable_path/Frameworks",
				);
				MARKETING_VERSION = 1.0;
				PRODUCT_BUNDLE_IDENTIFIER = test.testSnareHome;
				PRODUCT_NAME = "$(TARGET_NAME)";
				SWIFT_EMIT_LOC_STRINGS = YES;
				SWIFT_VERSION = 5.0;
				TARGETED_DEVICE_FAMILY = "1,2";
			};
			name = Release;
		};
/* End XCBuildConfiguration section */

/* Begin XCConfigurationList section */
		28CA578E29F94AB900A95CC4 /* Build configuration list for PBXProject "testSnareHome" */ = {
			isa = XCConfigurationList;
			buildConfigurations = (
				28CA57A529F94ABA00A95CC4 /* Debug */,
				28CA57A629F94ABA00A95CC4 /* Release */,
			);
			defaultConfigurationIsVisible = 0;
			defaultConfigurationName = Release;
		};
		28CA57A729F94ABA00A95CC4 /* Build configuration list for PBXNativeTarget "testSnareHome" */ = {
			isa = XCConfigurationList;
			buildConfigurations = (
				28CA57A829F94ABA00A95CC4 /* Debug */,
				28CA57A929F94ABA00A95CC4 /* Release */,
			);
			defaultConfigurationIsVisible = 0;
			defaultConfigurationName = Release;
		};
/* End XCConfigurationList section */

/* Begin XCRemoteSwiftPackageReference section */
		28CA57B629F95CB200A95CC4 /* XCRemoteSwiftPackageReference "SDWebImage" */ = {
			isa = XCRemoteSwiftPackageReference;
			repositoryURL = "https://github.com/SDWebImage/SDWebImage.git";
			requirement = {
				branch = master;
				kind = branch;
			};
		};
/* End XCRemoteSwiftPackageReference section */

/* Begin XCSwiftPackageProductDependency section */
		28CA57B729F95CB200A95CC4 /* SDWebImage */ = {
			isa = XCSwiftPackageProductDependency;
			package = 28CA57B629F95CB200A95CC4 /* XCRemoteSwiftPackageReference "SDWebImage" */;
			productName = SDWebImage;
		};
		28CA57B929F95CB200A95CC4 /* SDWebImageMapKit */ = {
			isa = XCSwiftPackageProductDependency;
			package = 28CA57B629F95CB200A95CC4 /* XCRemoteSwiftPackageReference "SDWebImage" */;
			productName = SDWebImageMapKit;
		};
/* End XCSwiftPackageProductDependency section */
	};
	rootObject = 28CA578B29F94AB900A95CC4 /* Project object */;
}
